{
  "name": "@rahmatdeep/react-boilerplate-creator",
  "version": "1.0.6",
  "lockfileVersion": 3,
  "requires": true,
  "packages": {
    "": {
      "name": "@rahmatdeep/react-boilerplate-creator",
      "version": "1.0.6",
      "license": "ISC",
      "bin": {
        "react-boilerplate-creator": "createFolders.js"
      }
    }
  }
}
